
Microsoft Visual Studio Solution File, Format Version 12.00
# Visual Studio 15
VisualStudioVersion = 15.0.28306.52
MinimumVisualStudioVersion = 10.0.40219.1
Project("{FAE04EC0-301F-11D3-BF4B-00C04F79EFBC}") = "MasterChief.DotNet4.Utilities", "MasterChief.DotNet4.Utilities\MasterChief.DotNet4.Utilities.csproj", "{D1DC63AA-DB3A-4C47-9E20-F7474420BA48}"
EndProject
Project("{FAE04EC0-301F-11D3-BF4B-00C04F79EFBC}") = "MasterChief.DotNet4.UtilitiesTests", "MasterChief.DotNet4.UtilitiesTests\MasterChief.DotNet4.UtilitiesTests.csproj", "{19ED85FA-59BD-4FA6-A4C0-EE27EF82ED28}"
EndProject
Project("{2150E333-8FDC-42A3-9474-1A3956D46DE8}") = "Tests", "Tests", "{12446941-BCC3-4AA9-BAAA-B936EF55F589}"
EndProject
Project("{FAE04EC0-301F-11D3-BF4B-00C04F79EFBC}") = "MasterChief.DotNet4.5.Utilities", "MasterChief.DotNet4.5.Utilities\MasterChief.DotNet4.5.Utilities.csproj", "{50490A4F-41A7-4968-8A92-8B49C6267066}"
EndProject
Project("{2150E333-8FDC-42A3-9474-1A3956D46DE8}") = "Examples", "Examples", "{4BB935DF-CEDC-4B39-A0DE-A7336CDE5D67}"
EndProject
Project("{FAE04EC0-301F-11D3-BF4B-00C04F79EFBC}") = "MasterChief.DotNet.UdpExample", "MasterChief.DotNet.UdpExample\MasterChief.DotNet.UdpExample.csproj", "{D953B930-A86F-4DC8-9C04-E339C53B275B}"
EndProject
Project("{2150E333-8FDC-42A3-9474-1A3956D46DE8}") = "Plugins", "Plugins", "{64730F27-EEDE-47EC-9784-70AC3C9C5172}"
EndProject
Project("{FAE04EC0-301F-11D3-BF4B-00C04F79EFBC}") = "MasterChief.DotNet.Ftp.Utilities", "MasterChief.DotNet.Ftp.Utilities\MasterChief.DotNet.Ftp.Utilities.csproj", "{06E24884-3599-4150-B447-83234848C0A6}"
EndProject
Project("{FAE04EC0-301F-11D3-BF4B-00C04F79EFBC}") = "MasterChief.DotNet.Dapper.Utilities", "MasterChief.DotNet.Dapper.Utilities\MasterChief.DotNet.Dapper.Utilities.csproj", "{F7918827-A10B-4628-A956-32DB7CD61394}"
EndProject
Project("{2150E333-8FDC-42A3-9474-1A3956D46DE8}") = "Infrastructure", "Infrastructure", "{51CE4B8E-8E09-4CC9-A86A-FD79F752CF3A}"
EndProject
Project("{2150E333-8FDC-42A3-9474-1A3956D46DE8}") = "Core", "Core", "{7E10B6E4-2FEF-4DD1-ADF7-38DAF8DD822D}"
EndProject
Project("{2150E333-8FDC-42A3-9474-1A3956D46DE8}") = "Framework", "Framework", "{D94A22C7-4FB7-41AE-AE07-26A223B412EB}"
EndProject
Project("{2150E333-8FDC-42A3-9474-1A3956D46DE8}") = "Helper", "Helper", "{34F4DB55-1E9D-4DDD-BBB8-C03BF97E4DAD}"
EndProject
Project("{2150E333-8FDC-42A3-9474-1A3956D46DE8}") = "ProjectTemplate", "ProjectTemplate", "{689C0693-D286-4E9C-B39E-090AF0EC27C8}"
EndProject
Project("{2150E333-8FDC-42A3-9474-1A3956D46DE8}") = "Doc", "Doc", "{9766F217-8844-48FE-B2CB-6A632CB84154}"
	ProjectSection(SolutionItems) = preProject
		C:\Users\YanZh\Desktop\MasterChief.xmind = C:\Users\YanZh\Desktop\MasterChief.xmind
	EndProjectSection
EndProject
Project("{FAE04EC0-301F-11D3-BF4B-00C04F79EFBC}") = "MasterChief.DotNet.Core.Log", "MasterChief.DotNet.Core.Log\MasterChief.DotNet.Core.Log.csproj", "{5504B9A5-3D14-4ABD-8BE8-D3DE5A04FC50}"
EndProject
Project("{2150E333-8FDC-42A3-9474-1A3956D46DE8}") = "Log", "Log", "{F1F9C95D-0980-43EA-AC69-BAD5E333A5E1}"
EndProject
Project("{FAE04EC0-301F-11D3-BF4B-00C04F79EFBC}") = "MasterChief.DotNet.Core.KafkaLog", "MasterChief.DotNet.Core.KafkaLog\MasterChief.DotNet.Core.KafkaLog.csproj", "{CB920C26-66AE-4AC8-AE04-0375F8F92B5C}"
EndProject
Project("{2150E333-8FDC-42A3-9474-1A3956D46DE8}") = "Cache", "Cache", "{3D6899EB-56A0-4EE0-8ED9-BAC1BDA71272}"
EndProject
Project("{FAE04EC0-301F-11D3-BF4B-00C04F79EFBC}") = "MasterChief.DotNet.Core.Cache", "MasterChief.DotNet.Core.Cache\MasterChief.DotNet.Core.Cache.csproj", "{6C248D57-DBFA-4A3C-98F0-9AF6AF6E70D0}"
EndProject
Project("{FAE04EC0-301F-11D3-BF4B-00C04F79EFBC}") = "MasterChief.DotNet.Core.PerRequestCache", "MasterChief.DotNet.Core.PerRequestCache\MasterChief.DotNet.Core.PerRequestCache.csproj", "{1B255CAB-F0CB-4665-9164-D621C659B543}"
EndProject
Project("{FAE04EC0-301F-11D3-BF4B-00C04F79EFBC}") = "MasterChief.DotNet.Core.RedisCache", "MasterChief.DotNet.Core.RedisCache\MasterChief.DotNet.Core.RedisCache.csproj", "{213EDD31-820C-4AB3-BA2A-3737B0A54A50}"
EndProject
Project("{2150E333-8FDC-42A3-9474-1A3956D46DE8}") = "Config", "Config", "{121C2A11-BA8A-4BDF-977B-6262F3AFAF4B}"
EndProject
Project("{FAE04EC0-301F-11D3-BF4B-00C04F79EFBC}") = "MasterChief.DotNet.Core.Config", "MasterChief.DotNet.Core.Config\MasterChief.DotNet.Core.Config.csproj", "{E4770169-FB7F-49C1-BA70-58F24DA83D44}"
EndProject
Project("{2150E333-8FDC-42A3-9474-1A3956D46DE8}") = "Data Access", "Data Access", "{69D2A647-2AD9-472A-A3C5-BBAEC06B93EB}"
EndProject
Project("{FAE04EC0-301F-11D3-BF4B-00C04F79EFBC}") = "MasterChief.DotNet.Core.Contract", "MasterChief.DotNet.Core.Contract\MasterChief.DotNet.Core.Contract.csproj", "{9D974AA5-BD71-4A2C-8E1E-F7055AEA5BA2}"
EndProject
Project("{FAE04EC0-301F-11D3-BF4B-00C04F79EFBC}") = "MasterChief.DotNet.Core.EF", "MasterChief.DotNet.Core.EF\MasterChief.DotNet.Core.EF.csproj", "{483B0077-53F1-4F79-A802-596998F19B2B}"
EndProject
Project("{FAE04EC0-301F-11D3-BF4B-00C04F79EFBC}") = "MasterChief.DotNet.Infrastructure.Excel", "MasterChief.DotNet.Infrastructure.Excel\MasterChief.DotNet.Infrastructure.Excel.csproj", "{046056E7-4C73-41A0-B513-DFDC6C5048E7}"
EndProject
Project("{FAE04EC0-301F-11D3-BF4B-00C04F79EFBC}") = "MasterChief.DotNet.Infrastructure.Serializer", "MasterChief.DotNet.Infrastructure.Serializer\MasterChief.DotNet.Infrastructure.Serializer.csproj", "{6204473D-CF32-4C33-B325-131123120B48}"
EndProject
Project("{FAE04EC0-301F-11D3-BF4B-00C04F79EFBC}") = "MasterChief.DotNet.Infrastructure.ProtobufSerializer", "MasterChief.DotNet.Infrastructure.ProtobufSerializer\MasterChief.DotNet.Infrastructure.ProtobufSerializer.csproj", "{8D1187A0-CCA6-407A-B5DC-1CC47F1AEA42}"
EndProject
Project("{FAE04EC0-301F-11D3-BF4B-00C04F79EFBC}") = "MasterChief.DotNet.Core.Dapper", "MasterChief.DotNet.Core.Dapper\MasterChief.DotNet.Core.Dapper.csproj", "{D6901CA8-C4F1-4DFC-AC9F-3083276B8267}"
EndProject
Project("{FAE04EC0-301F-11D3-BF4B-00C04F79EFBC}") = "MasterChief.DotNet.Framework.Download", "MasterChief.DotNet.Framework.Download\MasterChief.DotNet.Framework.Download.csproj", "{9FC48B5D-6277-478A-8BC7-EB87CA2F68D2}"
EndProject
Project("{2150E333-8FDC-42A3-9474-1A3956D46DE8}") = "Helper", "Helper", "{D221DCF9-68BF-4D83-92ED-DE37272E317B}"
EndProject
Project("{2150E333-8FDC-42A3-9474-1A3956D46DE8}") = "Framework", "Framework", "{81B5940A-FD6B-4B10-95CC-27E7EA225656}"
EndProject
Project("{FAE04EC0-301F-11D3-BF4B-00C04F79EFBC}") = "MasterChief.DotNet.Framework.DownloadExample", "MasterChief.DotNet.Framework.DownloadExample\MasterChief.DotNet.Framework.DownloadExample.csproj", "{64B02B68-D400-4843-B502-F95F8FF49CC8}"
EndProject
Project("{2150E333-8FDC-42A3-9474-1A3956D46DE8}") = "Helper", "Helper", "{EC1286AC-36C3-4E6D-9034-C1AA373EB9A8}"
EndProject
Project("{FAE04EC0-301F-11D3-BF4B-00C04F79EFBC}") = "MasterChief.DotNet.Framework.Upload", "MasterChief.DotNet.Framework.Upload\MasterChief.DotNet.Framework.Upload.csproj", "{CA3BEF41-E9A4-4358-A259-E113C82C9884}"
EndProject
Project("{FAE04EC0-301F-11D3-BF4B-00C04F79EFBC}") = "MasterChief.DotNet.Framework.VerifyCode", "MasterChief.DotNet.Framework.VerifyCode\MasterChief.DotNet.Framework.VerifyCode.csproj", "{E9EF30E9-5384-4AC6-B7E8-0F092ACF6F92}"
EndProject
Project("{FAE04EC0-301F-11D3-BF4B-00C04F79EFBC}") = "MasterChief.DotNet.Framework.VerifyCodeExample", "MasterChief.DotNet.Framework.VerifyCodeExample\MasterChief.DotNet.Framework.VerifyCodeExample.csproj", "{4D92E10B-B546-46A9-A92C-05075E9006C6}"
EndProject
Global
	GlobalSection(SolutionConfigurationPlatforms) = preSolution
		Debug|Any CPU = Debug|Any CPU
		Release|Any CPU = Release|Any CPU
	EndGlobalSection
	GlobalSection(ProjectConfigurationPlatforms) = postSolution
		{D1DC63AA-DB3A-4C47-9E20-F7474420BA48}.Debug|Any CPU.ActiveCfg = Debug|Any CPU
		{D1DC63AA-DB3A-4C47-9E20-F7474420BA48}.Debug|Any CPU.Build.0 = Debug|Any CPU
		{D1DC63AA-DB3A-4C47-9E20-F7474420BA48}.Release|Any CPU.ActiveCfg = Release|Any CPU
		{D1DC63AA-DB3A-4C47-9E20-F7474420BA48}.Release|Any CPU.Build.0 = Release|Any CPU
		{19ED85FA-59BD-4FA6-A4C0-EE27EF82ED28}.Debug|Any CPU.ActiveCfg = Debug|Any CPU
		{19ED85FA-59BD-4FA6-A4C0-EE27EF82ED28}.Debug|Any CPU.Build.0 = Debug|Any CPU
		{19ED85FA-59BD-4FA6-A4C0-EE27EF82ED28}.Release|Any CPU.ActiveCfg = Release|Any CPU
		{19ED85FA-59BD-4FA6-A4C0-EE27EF82ED28}.Release|Any CPU.Build.0 = Release|Any CPU
		{50490A4F-41A7-4968-8A92-8B49C6267066}.Debug|Any CPU.ActiveCfg = Debug|Any CPU
		{50490A4F-41A7-4968-8A92-8B49C6267066}.Debug|Any CPU.Build.0 = Debug|Any CPU
		{50490A4F-41A7-4968-8A92-8B49C6267066}.Release|Any CPU.ActiveCfg = Release|Any CPU
		{50490A4F-41A7-4968-8A92-8B49C6267066}.Release|Any CPU.Build.0 = Release|Any CPU
		{D953B930-A86F-4DC8-9C04-E339C53B275B}.Debug|Any CPU.ActiveCfg = Debug|Any CPU
		{D953B930-A86F-4DC8-9C04-E339C53B275B}.Debug|Any CPU.Build.0 = Debug|Any CPU
		{D953B930-A86F-4DC8-9C04-E339C53B275B}.Release|Any CPU.ActiveCfg = Release|Any CPU
		{D953B930-A86F-4DC8-9C04-E339C53B275B}.Release|Any CPU.Build.0 = Release|Any CPU
		{06E24884-3599-4150-B447-83234848C0A6}.Debug|Any CPU.ActiveCfg = Debug|Any CPU
		{06E24884-3599-4150-B447-83234848C0A6}.Debug|Any CPU.Build.0 = Debug|Any CPU
		{06E24884-3599-4150-B447-83234848C0A6}.Release|Any CPU.ActiveCfg = Release|Any CPU
		{06E24884-3599-4150-B447-83234848C0A6}.Release|Any CPU.Build.0 = Release|Any CPU
		{F7918827-A10B-4628-A956-32DB7CD61394}.Debug|Any CPU.ActiveCfg = Debug|Any CPU
		{F7918827-A10B-4628-A956-32DB7CD61394}.Debug|Any CPU.Build.0 = Debug|Any CPU
		{F7918827-A10B-4628-A956-32DB7CD61394}.Release|Any CPU.ActiveCfg = Release|Any CPU
		{F7918827-A10B-4628-A956-32DB7CD61394}.Release|Any CPU.Build.0 = Release|Any CPU
		{5504B9A5-3D14-4ABD-8BE8-D3DE5A04FC50}.Debug|Any CPU.ActiveCfg = Debug|Any CPU
		{5504B9A5-3D14-4ABD-8BE8-D3DE5A04FC50}.Debug|Any CPU.Build.0 = Debug|Any CPU
		{5504B9A5-3D14-4ABD-8BE8-D3DE5A04FC50}.Release|Any CPU.ActiveCfg = Release|Any CPU
		{5504B9A5-3D14-4ABD-8BE8-D3DE5A04FC50}.Release|Any CPU.Build.0 = Release|Any CPU
		{CB920C26-66AE-4AC8-AE04-0375F8F92B5C}.Debug|Any CPU.ActiveCfg = Debug|Any CPU
		{CB920C26-66AE-4AC8-AE04-0375F8F92B5C}.Debug|Any CPU.Build.0 = Debug|Any CPU
		{CB920C26-66AE-4AC8-AE04-0375F8F92B5C}.Release|Any CPU.ActiveCfg = Release|Any CPU
		{CB920C26-66AE-4AC8-AE04-0375F8F92B5C}.Release|Any CPU.Build.0 = Release|Any CPU
		{6C248D57-DBFA-4A3C-98F0-9AF6AF6E70D0}.Debug|Any CPU.ActiveCfg = Debug|Any CPU
		{6C248D57-DBFA-4A3C-98F0-9AF6AF6E70D0}.Debug|Any CPU.Build.0 = Debug|Any CPU
		{6C248D57-DBFA-4A3C-98F0-9AF6AF6E70D0}.Release|Any CPU.ActiveCfg = Release|Any CPU
		{6C248D57-DBFA-4A3C-98F0-9AF6AF6E70D0}.Release|Any CPU.Build.0 = Release|Any CPU
		{1B255CAB-F0CB-4665-9164-D621C659B543}.Debug|Any CPU.ActiveCfg = Debug|Any CPU
		{1B255CAB-F0CB-4665-9164-D621C659B543}.Debug|Any CPU.Build.0 = Debug|Any CPU
		{1B255CAB-F0CB-4665-9164-D621C659B543}.Release|Any CPU.ActiveCfg = Release|Any CPU
		{1B255CAB-F0CB-4665-9164-D621C659B543}.Release|Any CPU.Build.0 = Release|Any CPU
		{213EDD31-820C-4AB3-BA2A-3737B0A54A50}.Debug|Any CPU.ActiveCfg = Debug|Any CPU
		{213EDD31-820C-4AB3-BA2A-3737B0A54A50}.Debug|Any CPU.Build.0 = Debug|Any CPU
		{213EDD31-820C-4AB3-BA2A-3737B0A54A50}.Release|Any CPU.ActiveCfg = Release|Any CPU
		{213EDD31-820C-4AB3-BA2A-3737B0A54A50}.Release|Any CPU.Build.0 = Release|Any CPU
		{E4770169-FB7F-49C1-BA70-58F24DA83D44}.Debug|Any CPU.ActiveCfg = Debug|Any CPU
		{E4770169-FB7F-49C1-BA70-58F24DA83D44}.Debug|Any CPU.Build.0 = Debug|Any CPU
		{E4770169-FB7F-49C1-BA70-58F24DA83D44}.Release|Any CPU.ActiveCfg = Release|Any CPU
		{E4770169-FB7F-49C1-BA70-58F24DA83D44}.Release|Any CPU.Build.0 = Release|Any CPU
		{9D974AA5-BD71-4A2C-8E1E-F7055AEA5BA2}.Debug|Any CPU.ActiveCfg = Debug|Any CPU
		{9D974AA5-BD71-4A2C-8E1E-F7055AEA5BA2}.Debug|Any CPU.Build.0 = Debug|Any CPU
		{9D974AA5-BD71-4A2C-8E1E-F7055AEA5BA2}.Release|Any CPU.ActiveCfg = Release|Any CPU
		{9D974AA5-BD71-4A2C-8E1E-F7055AEA5BA2}.Release|Any CPU.Build.0 = Release|Any CPU
		{483B0077-53F1-4F79-A802-596998F19B2B}.Debug|Any CPU.ActiveCfg = Debug|Any CPU
		{483B0077-53F1-4F79-A802-596998F19B2B}.Debug|Any CPU.Build.0 = Debug|Any CPU
		{483B0077-53F1-4F79-A802-596998F19B2B}.Release|Any CPU.ActiveCfg = Release|Any CPU
		{483B0077-53F1-4F79-A802-596998F19B2B}.Release|Any CPU.Build.0 = Release|Any CPU
		{046056E7-4C73-41A0-B513-DFDC6C5048E7}.Debug|Any CPU.ActiveCfg = Debug|Any CPU
		{046056E7-4C73-41A0-B513-DFDC6C5048E7}.Debug|Any CPU.Build.0 = Debug|Any CPU
		{046056E7-4C73-41A0-B513-DFDC6C5048E7}.Release|Any CPU.ActiveCfg = Release|Any CPU
		{046056E7-4C73-41A0-B513-DFDC6C5048E7}.Release|Any CPU.Build.0 = Release|Any CPU
		{6204473D-CF32-4C33-B325-131123120B48}.Debug|Any CPU.ActiveCfg = Debug|Any CPU
		{6204473D-CF32-4C33-B325-131123120B48}.Debug|Any CPU.Build.0 = Debug|Any CPU
		{6204473D-CF32-4C33-B325-131123120B48}.Release|Any CPU.ActiveCfg = Release|Any CPU
		{6204473D-CF32-4C33-B325-131123120B48}.Release|Any CPU.Build.0 = Release|Any CPU
		{8D1187A0-CCA6-407A-B5DC-1CC47F1AEA42}.Debug|Any CPU.ActiveCfg = Debug|Any CPU
		{8D1187A0-CCA6-407A-B5DC-1CC47F1AEA42}.Debug|Any CPU.Build.0 = Debug|Any CPU
		{8D1187A0-CCA6-407A-B5DC-1CC47F1AEA42}.Release|Any CPU.ActiveCfg = Release|Any CPU
		{8D1187A0-CCA6-407A-B5DC-1CC47F1AEA42}.Release|Any CPU.Build.0 = Release|Any CPU
		{D6901CA8-C4F1-4DFC-AC9F-3083276B8267}.Debug|Any CPU.ActiveCfg = Debug|Any CPU
		{D6901CA8-C4F1-4DFC-AC9F-3083276B8267}.Debug|Any CPU.Build.0 = Debug|Any CPU
		{D6901CA8-C4F1-4DFC-AC9F-3083276B8267}.Release|Any CPU.ActiveCfg = Release|Any CPU
		{D6901CA8-C4F1-4DFC-AC9F-3083276B8267}.Release|Any CPU.Build.0 = Release|Any CPU
		{9FC48B5D-6277-478A-8BC7-EB87CA2F68D2}.Debug|Any CPU.ActiveCfg = Debug|Any CPU
		{9FC48B5D-6277-478A-8BC7-EB87CA2F68D2}.Debug|Any CPU.Build.0 = Debug|Any CPU
		{9FC48B5D-6277-478A-8BC7-EB87CA2F68D2}.Release|Any CPU.ActiveCfg = Release|Any CPU
		{9FC48B5D-6277-478A-8BC7-EB87CA2F68D2}.Release|Any CPU.Build.0 = Release|Any CPU
		{64B02B68-D400-4843-B502-F95F8FF49CC8}.Debug|Any CPU.ActiveCfg = Debug|Any CPU
		{64B02B68-D400-4843-B502-F95F8FF49CC8}.Debug|Any CPU.Build.0 = Debug|Any CPU
		{64B02B68-D400-4843-B502-F95F8FF49CC8}.Release|Any CPU.ActiveCfg = Release|Any CPU
		{64B02B68-D400-4843-B502-F95F8FF49CC8}.Release|Any CPU.Build.0 = Release|Any CPU
		{CA3BEF41-E9A4-4358-A259-E113C82C9884}.Debug|Any CPU.ActiveCfg = Debug|Any CPU
		{CA3BEF41-E9A4-4358-A259-E113C82C9884}.Debug|Any CPU.Build.0 = Debug|Any CPU
		{CA3BEF41-E9A4-4358-A259-E113C82C9884}.Release|Any CPU.ActiveCfg = Release|Any CPU
		{CA3BEF41-E9A4-4358-A259-E113C82C9884}.Release|Any CPU.Build.0 = Release|Any CPU
		{E9EF30E9-5384-4AC6-B7E8-0F092ACF6F92}.Debug|Any CPU.ActiveCfg = Debug|Any CPU
		{E9EF30E9-5384-4AC6-B7E8-0F092ACF6F92}.Debug|Any CPU.Build.0 = Debug|Any CPU
		{E9EF30E9-5384-4AC6-B7E8-0F092ACF6F92}.Release|Any CPU.ActiveCfg = Release|Any CPU
		{E9EF30E9-5384-4AC6-B7E8-0F092ACF6F92}.Release|Any CPU.Build.0 = Release|Any CPU
		{4D92E10B-B546-46A9-A92C-05075E9006C6}.Debug|Any CPU.ActiveCfg = Debug|Any CPU
		{4D92E10B-B546-46A9-A92C-05075E9006C6}.Debug|Any CPU.Build.0 = Debug|Any CPU
		{4D92E10B-B546-46A9-A92C-05075E9006C6}.Release|Any CPU.ActiveCfg = Release|Any CPU
		{4D92E10B-B546-46A9-A92C-05075E9006C6}.Release|Any CPU.Build.0 = Release|Any CPU
	EndGlobalSection
	GlobalSection(SolutionProperties) = preSolution
		HideSolutionNode = FALSE
	EndGlobalSection
	GlobalSection(NestedProjects) = preSolution
		{D1DC63AA-DB3A-4C47-9E20-F7474420BA48} = {34F4DB55-1E9D-4DDD-BBB8-C03BF97E4DAD}
		{19ED85FA-59BD-4FA6-A4C0-EE27EF82ED28} = {EC1286AC-36C3-4E6D-9034-C1AA373EB9A8}
		{50490A4F-41A7-4968-8A92-8B49C6267066} = {34F4DB55-1E9D-4DDD-BBB8-C03BF97E4DAD}
		{D953B930-A86F-4DC8-9C04-E339C53B275B} = {D221DCF9-68BF-4D83-92ED-DE37272E317B}
		{06E24884-3599-4150-B447-83234848C0A6} = {64730F27-EEDE-47EC-9784-70AC3C9C5172}
		{F7918827-A10B-4628-A956-32DB7CD61394} = {64730F27-EEDE-47EC-9784-70AC3C9C5172}
		{5504B9A5-3D14-4ABD-8BE8-D3DE5A04FC50} = {F1F9C95D-0980-43EA-AC69-BAD5E333A5E1}
		{F1F9C95D-0980-43EA-AC69-BAD5E333A5E1} = {7E10B6E4-2FEF-4DD1-ADF7-38DAF8DD822D}
		{CB920C26-66AE-4AC8-AE04-0375F8F92B5C} = {F1F9C95D-0980-43EA-AC69-BAD5E333A5E1}
		{3D6899EB-56A0-4EE0-8ED9-BAC1BDA71272} = {7E10B6E4-2FEF-4DD1-ADF7-38DAF8DD822D}
		{6C248D57-DBFA-4A3C-98F0-9AF6AF6E70D0} = {3D6899EB-56A0-4EE0-8ED9-BAC1BDA71272}
		{1B255CAB-F0CB-4665-9164-D621C659B543} = {3D6899EB-56A0-4EE0-8ED9-BAC1BDA71272}
		{213EDD31-820C-4AB3-BA2A-3737B0A54A50} = {3D6899EB-56A0-4EE0-8ED9-BAC1BDA71272}
		{121C2A11-BA8A-4BDF-977B-6262F3AFAF4B} = {7E10B6E4-2FEF-4DD1-ADF7-38DAF8DD822D}
		{E4770169-FB7F-49C1-BA70-58F24DA83D44} = {121C2A11-BA8A-4BDF-977B-6262F3AFAF4B}
		{69D2A647-2AD9-472A-A3C5-BBAEC06B93EB} = {7E10B6E4-2FEF-4DD1-ADF7-38DAF8DD822D}
		{9D974AA5-BD71-4A2C-8E1E-F7055AEA5BA2} = {69D2A647-2AD9-472A-A3C5-BBAEC06B93EB}
		{483B0077-53F1-4F79-A802-596998F19B2B} = {69D2A647-2AD9-472A-A3C5-BBAEC06B93EB}
		{046056E7-4C73-41A0-B513-DFDC6C5048E7} = {51CE4B8E-8E09-4CC9-A86A-FD79F752CF3A}
		{6204473D-CF32-4C33-B325-131123120B48} = {51CE4B8E-8E09-4CC9-A86A-FD79F752CF3A}
		{8D1187A0-CCA6-407A-B5DC-1CC47F1AEA42} = {51CE4B8E-8E09-4CC9-A86A-FD79F752CF3A}
		{D6901CA8-C4F1-4DFC-AC9F-3083276B8267} = {69D2A647-2AD9-472A-A3C5-BBAEC06B93EB}
		{9FC48B5D-6277-478A-8BC7-EB87CA2F68D2} = {D94A22C7-4FB7-41AE-AE07-26A223B412EB}
		{D221DCF9-68BF-4D83-92ED-DE37272E317B} = {4BB935DF-CEDC-4B39-A0DE-A7336CDE5D67}
		{81B5940A-FD6B-4B10-95CC-27E7EA225656} = {4BB935DF-CEDC-4B39-A0DE-A7336CDE5D67}
		{64B02B68-D400-4843-B502-F95F8FF49CC8} = {81B5940A-FD6B-4B10-95CC-27E7EA225656}
		{EC1286AC-36C3-4E6D-9034-C1AA373EB9A8} = {12446941-BCC3-4AA9-BAAA-B936EF55F589}
		{CA3BEF41-E9A4-4358-A259-E113C82C9884} = {D94A22C7-4FB7-41AE-AE07-26A223B412EB}
		{E9EF30E9-5384-4AC6-B7E8-0F092ACF6F92} = {D94A22C7-4FB7-41AE-AE07-26A223B412EB}
		{4D92E10B-B546-46A9-A92C-05075E9006C6} = {81B5940A-FD6B-4B10-95CC-27E7EA225656}
	EndGlobalSection
	GlobalSection(ExtensibilityGlobals) = postSolution
		SolutionGuid = {90963A27-01A3-467E-9098-A6E345A4F839}
	EndGlobalSection
EndGlobal
