
Microsoft Visual Studio Solution File, Format Version 12.00
# Visual Studio 15
VisualStudioVersion = 15.0.28306.52
MinimumVisualStudioVersion = 10.0.40219.1
Project("{FAE04EC0-301F-11D3-BF4B-00C04F79EFBC}") = "MasterChief.DotNet4.Utilities", "MasterChief.DotNet4.Utilities\MasterChief.DotNet4.Utilities.csproj", "{D1DC63AA-DB3A-4C47-9E20-F7474420BA48}"
EndProject
Project("{FAE04EC0-301F-11D3-BF4B-00C04F79EFBC}") = "MasterChief.DotNet4.UtilitiesTests", "MasterChief.DotNet4.UtilitiesTests\MasterChief.DotNet4.UtilitiesTests.csproj", "{19ED85FA-59BD-4FA6-A4C0-EE27EF82ED28}"
EndProject
Project("{2150E333-8FDC-42A3-9474-1A3956D46DE8}") = "Tests", "Tests", "{12446941-BCC3-4AA9-BAAA-B936EF55F589}"
EndProject
Project("{FAE04EC0-301F-11D3-BF4B-00C04F79EFBC}") = "MasterChief.DotNet4.5.Utilities", "MasterChief.DotNet4.5.Utilities\MasterChief.DotNet4.5.Utilities.csproj", "{50490A4F-41A7-4968-8A92-8B49C6267066}"
EndProject
Project("{2150E333-8FDC-42A3-9474-1A3956D46DE8}") = "Examples", "Examples", "{4BB935DF-CEDC-4B39-A0DE-A7336CDE5D67}"
EndProject
Project("{FAE04EC0-301F-11D3-BF4B-00C04F79EFBC}") = "MasterChief.DotNet.UdpExample", "MasterChief.DotNet.UdpExample\MasterChief.DotNet.UdpExample.csproj", "{D953B930-A86F-4DC8-9C04-E339C53B275B}"
EndProject
Project("{2150E333-8FDC-42A3-9474-1A3956D46DE8}") = "Plugins", "Plugins", "{64730F27-EEDE-47EC-9784-70AC3C9C5172}"
EndProject
Project("{FAE04EC0-301F-11D3-BF4B-00C04F79EFBC}") = "MasterChief.DotNet.Ftp.Utilities", "MasterChief.DotNet.Ftp.Utilities\MasterChief.DotNet.Ftp.Utilities.csproj", "{06E24884-3599-4150-B447-83234848C0A6}"
EndProject
Project("{FAE04EC0-301F-11D3-BF4B-00C04F79EFBC}") = "MasterChief.DotNet.NPOI2.Utilities", "MasterChief.DotNet.NPOI2.Utilities\MasterChief.DotNet.NPOI2.Utilities.csproj", "{9716A2B3-FD41-4703-9E04-5F2D212CADD3}"
EndProject
Project("{FAE04EC0-301F-11D3-BF4B-00C04F79EFBC}") = "MasterChief.DotNet.ProtoBuf.Utilities", "MasterChief.DotNet.ProtoBuf.Utilities\MasterChief.DotNet.ProtoBuf.Utilities.csproj", "{642FB062-F89F-45B5-99AF-7EB8D9CCE010}"
EndProject
Project("{FAE04EC0-301F-11D3-BF4B-00C04F79EFBC}") = "MasterChief.DotNet.Dapper.Utilities", "MasterChief.DotNet.Dapper.Utilities\MasterChief.DotNet.Dapper.Utilities.csproj", "{F7918827-A10B-4628-A956-32DB7CD61394}"
EndProject
Project("{FAE04EC0-301F-11D3-BF4B-00C04F79EFBC}") = "MasterChief.DotNet.Json.Utilities", "MasterChief.DotNet.Json.Utilities\MasterChief.DotNet.Json.Utilities.csproj", "{B7DC1B0C-F8D6-44EA-9037-BCDF83E77E30}"
EndProject
Project("{2150E333-8FDC-42A3-9474-1A3956D46DE8}") = "Infrastructure", "Infrastructure", "{51CE4B8E-8E09-4CC9-A86A-FD79F752CF3A}"
EndProject
Project("{2150E333-8FDC-42A3-9474-1A3956D46DE8}") = "Core", "Core", "{7E10B6E4-2FEF-4DD1-ADF7-38DAF8DD822D}"
EndProject
Project("{2150E333-8FDC-42A3-9474-1A3956D46DE8}") = "Framework", "Framework", "{D94A22C7-4FB7-41AE-AE07-26A223B412EB}"
EndProject
Project("{2150E333-8FDC-42A3-9474-1A3956D46DE8}") = "Helper", "Helper", "{34F4DB55-1E9D-4DDD-BBB8-C03BF97E4DAD}"
EndProject
Project("{2150E333-8FDC-42A3-9474-1A3956D46DE8}") = "ProjectTemplate", "ProjectTemplate", "{689C0693-D286-4E9C-B39E-090AF0EC27C8}"
EndProject
Project("{2150E333-8FDC-42A3-9474-1A3956D46DE8}") = "Doc", "Doc", "{9766F217-8844-48FE-B2CB-6A632CB84154}"
	ProjectSection(SolutionItems) = preProject
		C:\Users\YanZh\Desktop\MasterChief.xmind = C:\Users\YanZh\Desktop\MasterChief.xmind
	EndProjectSection
EndProject
Project("{FAE04EC0-301F-11D3-BF4B-00C04F79EFBC}") = "MasterChief.DotNet.Core.Log", "MasterChief.DotNet.Core.Log\MasterChief.DotNet.Core.Log.csproj", "{5504B9A5-3D14-4ABD-8BE8-D3DE5A04FC50}"
EndProject
Project("{2150E333-8FDC-42A3-9474-1A3956D46DE8}") = "Log", "Log", "{F1F9C95D-0980-43EA-AC69-BAD5E333A5E1}"
EndProject
Project("{FAE04EC0-301F-11D3-BF4B-00C04F79EFBC}") = "MasterChief.DotNet.Core.KafkaLog", "MasterChief.DotNet.Core.KafkaLog\MasterChief.DotNet.Core.KafkaLog.csproj", "{CB920C26-66AE-4AC8-AE04-0375F8F92B5C}"
EndProject
Project("{2150E333-8FDC-42A3-9474-1A3956D46DE8}") = "Cache", "Cache", "{3D6899EB-56A0-4EE0-8ED9-BAC1BDA71272}"
EndProject
Project("{FAE04EC0-301F-11D3-BF4B-00C04F79EFBC}") = "MasterChief.DotNet.Core.Cache", "MasterChief.DotNet.Core.Cache\MasterChief.DotNet.Core.Cache.csproj", "{6C248D57-DBFA-4A3C-98F0-9AF6AF6E70D0}"
EndProject
Global
	GlobalSection(SolutionConfigurationPlatforms) = preSolution
		Debug|Any CPU = Debug|Any CPU
		Release|Any CPU = Release|Any CPU
	EndGlobalSection
	GlobalSection(ProjectConfigurationPlatforms) = postSolution
		{D1DC63AA-DB3A-4C47-9E20-F7474420BA48}.Debug|Any CPU.ActiveCfg = Debug|Any CPU
		{D1DC63AA-DB3A-4C47-9E20-F7474420BA48}.Debug|Any CPU.Build.0 = Debug|Any CPU
		{D1DC63AA-DB3A-4C47-9E20-F7474420BA48}.Release|Any CPU.ActiveCfg = Release|Any CPU
		{D1DC63AA-DB3A-4C47-9E20-F7474420BA48}.Release|Any CPU.Build.0 = Release|Any CPU
		{19ED85FA-59BD-4FA6-A4C0-EE27EF82ED28}.Debug|Any CPU.ActiveCfg = Debug|Any CPU
		{19ED85FA-59BD-4FA6-A4C0-EE27EF82ED28}.Debug|Any CPU.Build.0 = Debug|Any CPU
		{19ED85FA-59BD-4FA6-A4C0-EE27EF82ED28}.Release|Any CPU.ActiveCfg = Release|Any CPU
		{19ED85FA-59BD-4FA6-A4C0-EE27EF82ED28}.Release|Any CPU.Build.0 = Release|Any CPU
		{50490A4F-41A7-4968-8A92-8B49C6267066}.Debug|Any CPU.ActiveCfg = Debug|Any CPU
		{50490A4F-41A7-4968-8A92-8B49C6267066}.Debug|Any CPU.Build.0 = Debug|Any CPU
		{50490A4F-41A7-4968-8A92-8B49C6267066}.Release|Any CPU.ActiveCfg = Release|Any CPU
		{50490A4F-41A7-4968-8A92-8B49C6267066}.Release|Any CPU.Build.0 = Release|Any CPU
		{D953B930-A86F-4DC8-9C04-E339C53B275B}.Debug|Any CPU.ActiveCfg = Debug|Any CPU
		{D953B930-A86F-4DC8-9C04-E339C53B275B}.Debug|Any CPU.Build.0 = Debug|Any CPU
		{D953B930-A86F-4DC8-9C04-E339C53B275B}.Release|Any CPU.ActiveCfg = Release|Any CPU
		{D953B930-A86F-4DC8-9C04-E339C53B275B}.Release|Any CPU.Build.0 = Release|Any CPU
		{06E24884-3599-4150-B447-83234848C0A6}.Debug|Any CPU.ActiveCfg = Debug|Any CPU
		{06E24884-3599-4150-B447-83234848C0A6}.Debug|Any CPU.Build.0 = Debug|Any CPU
		{06E24884-3599-4150-B447-83234848C0A6}.Release|Any CPU.ActiveCfg = Release|Any CPU
		{06E24884-3599-4150-B447-83234848C0A6}.Release|Any CPU.Build.0 = Release|Any CPU
		{9716A2B3-FD41-4703-9E04-5F2D212CADD3}.Debug|Any CPU.ActiveCfg = Debug|Any CPU
		{9716A2B3-FD41-4703-9E04-5F2D212CADD3}.Debug|Any CPU.Build.0 = Debug|Any CPU
		{9716A2B3-FD41-4703-9E04-5F2D212CADD3}.Release|Any CPU.ActiveCfg = Release|Any CPU
		{9716A2B3-FD41-4703-9E04-5F2D212CADD3}.Release|Any CPU.Build.0 = Release|Any CPU
		{642FB062-F89F-45B5-99AF-7EB8D9CCE010}.Debug|Any CPU.ActiveCfg = Debug|Any CPU
		{642FB062-F89F-45B5-99AF-7EB8D9CCE010}.Debug|Any CPU.Build.0 = Debug|Any CPU
		{642FB062-F89F-45B5-99AF-7EB8D9CCE010}.Release|Any CPU.ActiveCfg = Release|Any CPU
		{642FB062-F89F-45B5-99AF-7EB8D9CCE010}.Release|Any CPU.Build.0 = Release|Any CPU
		{F7918827-A10B-4628-A956-32DB7CD61394}.Debug|Any CPU.ActiveCfg = Debug|Any CPU
		{F7918827-A10B-4628-A956-32DB7CD61394}.Debug|Any CPU.Build.0 = Debug|Any CPU
		{F7918827-A10B-4628-A956-32DB7CD61394}.Release|Any CPU.ActiveCfg = Release|Any CPU
		{F7918827-A10B-4628-A956-32DB7CD61394}.Release|Any CPU.Build.0 = Release|Any CPU
		{B7DC1B0C-F8D6-44EA-9037-BCDF83E77E30}.Debug|Any CPU.ActiveCfg = Debug|Any CPU
		{B7DC1B0C-F8D6-44EA-9037-BCDF83E77E30}.Debug|Any CPU.Build.0 = Debug|Any CPU
		{B7DC1B0C-F8D6-44EA-9037-BCDF83E77E30}.Release|Any CPU.ActiveCfg = Release|Any CPU
		{B7DC1B0C-F8D6-44EA-9037-BCDF83E77E30}.Release|Any CPU.Build.0 = Release|Any CPU
		{5504B9A5-3D14-4ABD-8BE8-D3DE5A04FC50}.Debug|Any CPU.ActiveCfg = Debug|Any CPU
		{5504B9A5-3D14-4ABD-8BE8-D3DE5A04FC50}.Debug|Any CPU.Build.0 = Debug|Any CPU
		{5504B9A5-3D14-4ABD-8BE8-D3DE5A04FC50}.Release|Any CPU.ActiveCfg = Release|Any CPU
		{5504B9A5-3D14-4ABD-8BE8-D3DE5A04FC50}.Release|Any CPU.Build.0 = Release|Any CPU
		{CB920C26-66AE-4AC8-AE04-0375F8F92B5C}.Debug|Any CPU.ActiveCfg = Debug|Any CPU
		{CB920C26-66AE-4AC8-AE04-0375F8F92B5C}.Debug|Any CPU.Build.0 = Debug|Any CPU
		{CB920C26-66AE-4AC8-AE04-0375F8F92B5C}.Release|Any CPU.ActiveCfg = Release|Any CPU
		{CB920C26-66AE-4AC8-AE04-0375F8F92B5C}.Release|Any CPU.Build.0 = Release|Any CPU
		{6C248D57-DBFA-4A3C-98F0-9AF6AF6E70D0}.Debug|Any CPU.ActiveCfg = Debug|Any CPU
		{6C248D57-DBFA-4A3C-98F0-9AF6AF6E70D0}.Debug|Any CPU.Build.0 = Debug|Any CPU
		{6C248D57-DBFA-4A3C-98F0-9AF6AF6E70D0}.Release|Any CPU.ActiveCfg = Release|Any CPU
		{6C248D57-DBFA-4A3C-98F0-9AF6AF6E70D0}.Release|Any CPU.Build.0 = Release|Any CPU
	EndGlobalSection
	GlobalSection(SolutionProperties) = preSolution
		HideSolutionNode = FALSE
	EndGlobalSection
	GlobalSection(NestedProjects) = preSolution
		{D1DC63AA-DB3A-4C47-9E20-F7474420BA48} = {34F4DB55-1E9D-4DDD-BBB8-C03BF97E4DAD}
		{19ED85FA-59BD-4FA6-A4C0-EE27EF82ED28} = {12446941-BCC3-4AA9-BAAA-B936EF55F589}
		{50490A4F-41A7-4968-8A92-8B49C6267066} = {34F4DB55-1E9D-4DDD-BBB8-C03BF97E4DAD}
		{D953B930-A86F-4DC8-9C04-E339C53B275B} = {4BB935DF-CEDC-4B39-A0DE-A7336CDE5D67}
		{06E24884-3599-4150-B447-83234848C0A6} = {64730F27-EEDE-47EC-9784-70AC3C9C5172}
		{9716A2B3-FD41-4703-9E04-5F2D212CADD3} = {64730F27-EEDE-47EC-9784-70AC3C9C5172}
		{642FB062-F89F-45B5-99AF-7EB8D9CCE010} = {64730F27-EEDE-47EC-9784-70AC3C9C5172}
		{F7918827-A10B-4628-A956-32DB7CD61394} = {64730F27-EEDE-47EC-9784-70AC3C9C5172}
		{B7DC1B0C-F8D6-44EA-9037-BCDF83E77E30} = {64730F27-EEDE-47EC-9784-70AC3C9C5172}
		{5504B9A5-3D14-4ABD-8BE8-D3DE5A04FC50} = {F1F9C95D-0980-43EA-AC69-BAD5E333A5E1}
		{F1F9C95D-0980-43EA-AC69-BAD5E333A5E1} = {7E10B6E4-2FEF-4DD1-ADF7-38DAF8DD822D}
		{CB920C26-66AE-4AC8-AE04-0375F8F92B5C} = {F1F9C95D-0980-43EA-AC69-BAD5E333A5E1}
		{3D6899EB-56A0-4EE0-8ED9-BAC1BDA71272} = {7E10B6E4-2FEF-4DD1-ADF7-38DAF8DD822D}
		{6C248D57-DBFA-4A3C-98F0-9AF6AF6E70D0} = {3D6899EB-56A0-4EE0-8ED9-BAC1BDA71272}
	EndGlobalSection
	GlobalSection(ExtensibilityGlobals) = postSolution
		SolutionGuid = {90963A27-01A3-467E-9098-A6E345A4F839}
	EndGlobalSection
EndGlobal
