
Microsoft Visual Studio Solution File, Format Version 12.00
# Visual Studio 15
VisualStudioVersion = 15.0.28306.52
MinimumVisualStudioVersion = 10.0.40219.1
Project("{FAE04EC0-301F-11D3-BF4B-00C04F79EFBC}") = "MasterChief.DotNet4.Utilities", "MasterChief.DotNet4.Utilities\MasterChief.DotNet4.Utilities.csproj", "{D1DC63AA-DB3A-4C47-9E20-F7474420BA48}"
EndProject
Project("{FAE04EC0-301F-11D3-BF4B-00C04F79EFBC}") = "MasterChief.DotNet4.UtilitiesTests", "MasterChief.DotNet4.UtilitiesTests\MasterChief.DotNet4.UtilitiesTests.csproj", "{19ED85FA-59BD-4FA6-A4C0-EE27EF82ED28}"
EndProject
Project("{2150E333-8FDC-42A3-9474-1A3956D46DE8}") = "Tests", "Tests", "{12446941-BCC3-4AA9-BAAA-B936EF55F589}"
EndProject
Project("{FAE04EC0-301F-11D3-BF4B-00C04F79EFBC}") = "MasterChief.DotNet4.5.Utilities", "MasterChief.DotNet4.5.Utilities\MasterChief.DotNet4.5.Utilities.csproj", "{50490A4F-41A7-4968-8A92-8B49C6267066}"
EndProject
Project("{2150E333-8FDC-42A3-9474-1A3956D46DE8}") = "Examples", "Examples", "{4BB935DF-CEDC-4B39-A0DE-A7336CDE5D67}"
EndProject
Project("{FAE04EC0-301F-11D3-BF4B-00C04F79EFBC}") = "MasterChief.DotNet.UdpExample", "MasterChief.DotNet.UdpExample\MasterChief.DotNet.UdpExample.csproj", "{D953B930-A86F-4DC8-9C04-E339C53B275B}"
EndProject
Project("{2150E333-8FDC-42A3-9474-1A3956D46DE8}") = "Plugins", "Plugins", "{64730F27-EEDE-47EC-9784-70AC3C9C5172}"
EndProject
Project("{FAE04EC0-301F-11D3-BF4B-00C04F79EFBC}") = "MasterChief.DotNet.Ftp.Utilities", "MasterChief.DotNet.Ftp.Utilities\MasterChief.DotNet.Ftp.Utilities.csproj", "{06E24884-3599-4150-B447-83234848C0A6}"
EndProject
Project("{FAE04EC0-301F-11D3-BF4B-00C04F79EFBC}") = "MasterChief.DotNet.NPOI2.Utilities", "MasterChief.DotNet.NPOI2.Utilities\MasterChief.DotNet.NPOI2.Utilities.csproj", "{9716A2B3-FD41-4703-9E04-5F2D212CADD3}"
EndProject
Project("{FAE04EC0-301F-11D3-BF4B-00C04F79EFBC}") = "MasterChief.DotNet.ProtoBuf.Utilities", "MasterChief.DotNet.ProtoBuf.Utilities\MasterChief.DotNet.ProtoBuf.Utilities.csproj", "{642FB062-F89F-45B5-99AF-7EB8D9CCE010}"
EndProject
Project("{FAE04EC0-301F-11D3-BF4B-00C04F79EFBC}") = "MasterChief.DotNet.Dapper.Utilities", "MasterChief.DotNet.Dapper.Utilities\MasterChief.DotNet.Dapper.Utilities.csproj", "{F7918827-A10B-4628-A956-32DB7CD61394}"
EndProject
Global
	GlobalSection(SolutionConfigurationPlatforms) = preSolution
		Debug|Any CPU = Debug|Any CPU
		Release|Any CPU = Release|Any CPU
	EndGlobalSection
	GlobalSection(ProjectConfigurationPlatforms) = postSolution
		{D1DC63AA-DB3A-4C47-9E20-F7474420BA48}.Debug|Any CPU.ActiveCfg = Debug|Any CPU
		{D1DC63AA-DB3A-4C47-9E20-F7474420BA48}.Debug|Any CPU.Build.0 = Debug|Any CPU
		{D1DC63AA-DB3A-4C47-9E20-F7474420BA48}.Release|Any CPU.ActiveCfg = Release|Any CPU
		{D1DC63AA-DB3A-4C47-9E20-F7474420BA48}.Release|Any CPU.Build.0 = Release|Any CPU
		{19ED85FA-59BD-4FA6-A4C0-EE27EF82ED28}.Debug|Any CPU.ActiveCfg = Debug|Any CPU
		{19ED85FA-59BD-4FA6-A4C0-EE27EF82ED28}.Debug|Any CPU.Build.0 = Debug|Any CPU
		{19ED85FA-59BD-4FA6-A4C0-EE27EF82ED28}.Release|Any CPU.ActiveCfg = Release|Any CPU
		{19ED85FA-59BD-4FA6-A4C0-EE27EF82ED28}.Release|Any CPU.Build.0 = Release|Any CPU
		{50490A4F-41A7-4968-8A92-8B49C6267066}.Debug|Any CPU.ActiveCfg = Debug|Any CPU
		{50490A4F-41A7-4968-8A92-8B49C6267066}.Debug|Any CPU.Build.0 = Debug|Any CPU
		{50490A4F-41A7-4968-8A92-8B49C6267066}.Release|Any CPU.ActiveCfg = Release|Any CPU
		{50490A4F-41A7-4968-8A92-8B49C6267066}.Release|Any CPU.Build.0 = Release|Any CPU
		{D953B930-A86F-4DC8-9C04-E339C53B275B}.Debug|Any CPU.ActiveCfg = Debug|Any CPU
		{D953B930-A86F-4DC8-9C04-E339C53B275B}.Debug|Any CPU.Build.0 = Debug|Any CPU
		{D953B930-A86F-4DC8-9C04-E339C53B275B}.Release|Any CPU.ActiveCfg = Release|Any CPU
		{D953B930-A86F-4DC8-9C04-E339C53B275B}.Release|Any CPU.Build.0 = Release|Any CPU
		{06E24884-3599-4150-B447-83234848C0A6}.Debug|Any CPU.ActiveCfg = Debug|Any CPU
		{06E24884-3599-4150-B447-83234848C0A6}.Debug|Any CPU.Build.0 = Debug|Any CPU
		{06E24884-3599-4150-B447-83234848C0A6}.Release|Any CPU.ActiveCfg = Release|Any CPU
		{06E24884-3599-4150-B447-83234848C0A6}.Release|Any CPU.Build.0 = Release|Any CPU
		{9716A2B3-FD41-4703-9E04-5F2D212CADD3}.Debug|Any CPU.ActiveCfg = Debug|Any CPU
		{9716A2B3-FD41-4703-9E04-5F2D212CADD3}.Debug|Any CPU.Build.0 = Debug|Any CPU
		{9716A2B3-FD41-4703-9E04-5F2D212CADD3}.Release|Any CPU.ActiveCfg = Release|Any CPU
		{9716A2B3-FD41-4703-9E04-5F2D212CADD3}.Release|Any CPU.Build.0 = Release|Any CPU
		{642FB062-F89F-45B5-99AF-7EB8D9CCE010}.Debug|Any CPU.ActiveCfg = Debug|Any CPU
		{642FB062-F89F-45B5-99AF-7EB8D9CCE010}.Debug|Any CPU.Build.0 = Debug|Any CPU
		{642FB062-F89F-45B5-99AF-7EB8D9CCE010}.Release|Any CPU.ActiveCfg = Release|Any CPU
		{642FB062-F89F-45B5-99AF-7EB8D9CCE010}.Release|Any CPU.Build.0 = Release|Any CPU
		{F7918827-A10B-4628-A956-32DB7CD61394}.Debug|Any CPU.ActiveCfg = Debug|Any CPU
		{F7918827-A10B-4628-A956-32DB7CD61394}.Debug|Any CPU.Build.0 = Debug|Any CPU
		{F7918827-A10B-4628-A956-32DB7CD61394}.Release|Any CPU.ActiveCfg = Release|Any CPU
		{F7918827-A10B-4628-A956-32DB7CD61394}.Release|Any CPU.Build.0 = Release|Any CPU
	EndGlobalSection
	GlobalSection(SolutionProperties) = preSolution
		HideSolutionNode = FALSE
	EndGlobalSection
	GlobalSection(NestedProjects) = preSolution
		{19ED85FA-59BD-4FA6-A4C0-EE27EF82ED28} = {12446941-BCC3-4AA9-BAAA-B936EF55F589}
		{D953B930-A86F-4DC8-9C04-E339C53B275B} = {4BB935DF-CEDC-4B39-A0DE-A7336CDE5D67}
		{06E24884-3599-4150-B447-83234848C0A6} = {64730F27-EEDE-47EC-9784-70AC3C9C5172}
		{9716A2B3-FD41-4703-9E04-5F2D212CADD3} = {64730F27-EEDE-47EC-9784-70AC3C9C5172}
		{642FB062-F89F-45B5-99AF-7EB8D9CCE010} = {64730F27-EEDE-47EC-9784-70AC3C9C5172}
		{F7918827-A10B-4628-A956-32DB7CD61394} = {64730F27-EEDE-47EC-9784-70AC3C9C5172}
	EndGlobalSection
	GlobalSection(ExtensibilityGlobals) = postSolution
		SolutionGuid = {90963A27-01A3-467E-9098-A6E345A4F839}
	EndGlobalSection
EndGlobal
